
Microsoft Visual Studio Solution File, Format Version 12.00
# Visual Studio Version 17
VisualStudioVersion = 17.5.33516.290
MinimumVisualStudioVersion = 10.0.40219.1
Project("{9A19103F-16F7-4668-BE54-9A1E7A4F7556}") = "Fiotec.Vaicinacao.API", "Fiotec.Vaicinacao.API\Fiotec.Vaicinacao.API.csproj", "{F184EB62-DC23-4F91-9385-A8F4C7D12FDE}"
EndProject
Global
	GlobalSection(SolutionConfigurationPlatforms) = preSolution
		Debug|Any CPU = Debug|Any CPU
		Release|Any CPU = Release|Any CPU
	EndGlobalSection
	GlobalSection(ProjectConfigurationPlatforms) = postSolution
		{F184EB62-DC23-4F91-9385-A8F4C7D12FDE}.Debug|Any CPU.ActiveCfg = Debug|Any CPU
		{F184EB62-DC23-4F91-9385-A8F4C7D12FDE}.Debug|Any CPU.Build.0 = Debug|Any CPU
		{F184EB62-DC23-4F91-9385-A8F4C7D12FDE}.Release|Any CPU.ActiveCfg = Release|Any CPU
		{F184EB62-DC23-4F91-9385-A8F4C7D12FDE}.Release|Any CPU.Build.0 = Release|Any CPU
	EndGlobalSection
	GlobalSection(SolutionProperties) = preSolution
		HideSolutionNode = FALSE
	EndGlobalSection
	GlobalSection(ExtensibilityGlobals) = postSolution
		SolutionGuid = {7E056513-A47D-4D3F-8D47-7A5B22B70406}
	EndGlobalSection
EndGlobal
